{
  "nodes": {
    "brew-src": {
      "flake": false,
      "locked": {
        "lastModified": 1786348930,
        "narHash": "sha256-bCQJkbgsAMDp5HQystZLCq11UHiyEuoWbxKulAPYrh8=",
        "owner": "Homebrew",
        "repo": "brew",
        "rev": "3ecc9eff23feebf1bc73846d74e14a122c93b66f",
        "type": "github"
      },
      "original": {
        "owner": "Homebrew",
        "ref": "6.0.16",
        "repo": "brew",
        "type": "github"
      }
    },
    "clawkwork-tap": {
      "flake": false,
      "locked": {
        "lastModified": 1783950408,
        "narHash": "sha256-/NVjiE4YkqEcDtYAzRjG9ATrBFLUBEG4GrUkCw5l8GE=",
        "owner": "clawkwork",
        "repo": "homebrew-tap",
        "rev": "c6c1117aceb3e4a5b32c0fb647ccb82b6335f9c4",
        "type": "github"
      },
      "original": {
        "owner": "clawkwork",
        "repo": "homebrew-tap",
        "type": "github"
      }
    },
    "digitecgalaxus-tap": {
      "flake": false,
      "locked": {
        "lastModified": 1785763884,
        "narHash": "sha256-LfC9t7Qx53yq5i/8Llgq8JFoNP+tMz9/IVaIU2Nz8/4=",
        "owner": "digitecgalaxus",
        "repo": "homebrew-dg",
        "rev": "443218529d32c44159b2d3cd787af754162c5f10",
        "type": "github"
      },
      "original": {
        "owner": "digitecgalaxus",
        "repo": "homebrew-dg",
        "type": "github"
      }
    },
    "felixkratz-tap": {
      "flake": false,
      "locked": {
        "lastModified": 1780547371,
        "narHash": "sha256-QGCVV5N1QC56GQK3ck2YJ6J6/S8SQ6rTElz69y58078=",
        "owner": "FelixKratz",
        "repo": "homebrew-formulae",
        "rev": "70b2071488b61c14f773ce9e1bf6626ee851981a",
        "type": "github"
      },
      "original": {
        "owner": "FelixKratz",
        "repo": "homebrew-formulae",
        "type": "github"
      }
    },
    "home-manager": {
      "inputs": {
        "nixpkgs": [
          "nixpkgs"
        ]
      },
      "locked": {
        "lastModified": 1785531816,
        "narHash": "sha256-vkMnV0JIyw+g/NmcfoajlGaAO+9a0ezia+FZohQJrik=",
        "owner": "nix-community",
        "repo": "home-manager",
        "rev": "bf9ce9fec78f95f374e8dd3b503863a3ec128ebe",
        "type": "github"
      },
      "original": {
        "owner": "nix-community",
        "repo": "home-manager",
        "type": "github"
      }
    },
    "homebrew-cask": {
      "flake": false,
      "locked": {
        "lastModified": 1785771624,
        "narHash": "sha256-xMIcwXtQCSQ0CYC+cx2+dIfLYveR3idpHLdPp6VbsII=",
        "owner": "homebrew",
        "repo": "homebrew-cask",
        "rev": "e702ec76f8ce508c44aea9f305969597f800f9ca",
        "type": "github"
      },
      "original": {
        "owner": "homebrew",
        "repo": "homebrew-cask",
        "type": "github"
      }
    },
    "homebrew-core": {
      "flake": false,
      "locked": {
        "lastModified": 1785771569,
        "narHash": "sha256-S8KPxsE/aYJDT4egLS81lynON/ugLcmikdgI20Q4LV8=",
        "owner": "homebrew",
        "repo": "homebrew-core",
        "rev": "f5681d75176ef676a8f8a44124e370cb2b7b7664",
        "type": "github"
      },
      "original": {
        "owner": "homebrew",
        "repo": "homebrew-core",
        "type": "github"
      }
    },
    "nikitabobko-tap": {
      "flake": false,
      "locked": {
        "lastModified": 1784218089,
        "narHash": "sha256-2FfJuPb9CaXPOU71NWPjoiENUoGQepSr/IkKQMLkFaQ=",
        "owner": "nikitabobko",
        "repo": "homebrew-tap",
        "rev": "13b49a6711cc9d2f4555056b4f7023c8ad2bbb4b",
        "type": "github"
      },
      "original": {
        "owner": "nikitabobko",
        "repo": "homebrew-tap",
        "type": "github"
      }
    },
    "nix-darwin": {
      "inputs": {
        "nixpkgs": [
          "nixpkgs"
        ]
      },
      "locked": {
        "lastModified": 1785389976,
        "narHash": "sha256-0tLW8Ff5yt8AH97jw4ZpFJ0OCJ122zIlgWGDmOfU/VU=",
        "owner": "LnL7",
        "repo": "nix-darwin",
        "rev": "15abb8c98f336cd8bd840d71059adebabe60bf04",
        "type": "github"
      },
      "original": {
        "owner": "LnL7",
        "repo": "nix-darwin",
        "type": "github"
      }
    },
    "nix-homebrew": {
      "inputs": {
        "brew-src": "brew-src"
      },
      "locked": {
        "lastModified": 1786686423,
        "narHash": "sha256-8q3WdB8o3VUI7rOz1OXfioXIaaWbFTAxRJAkWLlfc0s=",
        "owner": "zhaofengli-wip",
        "repo": "nix-homebrew",
        "rev": "ccabf79a6b9845eb72b51ea1d9c7ce3446350df3",
        "type": "github"
      },
      "original": {
        "owner": "zhaofengli-wip",
        "repo": "nix-homebrew",
        "type": "github"
      }
    },
    "nixpkgs": {
      "locked": {
        "lastModified": 1785747939,
        "narHash": "sha256-D740uKsMbgsfK2oaDenJLLPIZfq7W0/g4KN/Fls8eKs=",
        "owner": "NixOS",
        "repo": "nixpkgs",
        "rev": "104240a772428cc2e20d8fd86c9ddbb886bbaff2",
        "type": "github"
      },
      "original": {
        "owner": "NixOS",
        "ref": "nixpkgs-unstable",
        "repo": "nixpkgs",
        "type": "github"
      }
    },
    "nixpkgs-dotnet": {
      "locked": {
        "lastModified": 1770169770,
        "narHash": "sha256-awR8qIwJxJJiOmcEGgP2KUqYmHG4v/z8XpL9z8FnT1A=",
        "owner": "NixOS",
        "repo": "nixpkgs",
        "rev": "aa290c9891fa4ebe88f8889e59633d20cc06a5f2",
        "type": "github"
      },
      "original": {
        "owner": "NixOS",
        "repo": "nixpkgs",
        "rev": "aa290c9891fa4ebe88f8889e59633d20cc06a5f2",
        "type": "github"
      }
    },
    "nixpkgs-terraform": {
      "locked": {
        "lastModified": 1771177547,
        "narHash": "sha256-trTtk3WTOHz7hSw89xIIvahkgoFJYQ0G43IlqprFoMA=",
        "owner": "NixOS",
        "repo": "nixpkgs",
        "rev": "ac055f38c798b0d87695240c7b761b82fc7e5bc2",
        "type": "github"
      },
      "original": {
        "owner": "NixOS",
        "repo": "nixpkgs",
        "rev": "ac055f38c798b0d87695240c7b761b82fc7e5bc2",
        "type": "github"
      }
    },
    "opencode-tap": {
      "flake": false,
      "locked": {
        "lastModified": 1785584574,
        "narHash": "sha256-KNW8PWljrBPBcgO2wX9rZBEj3FonvPTcMG/aEJFp+wY=",
        "owner": "anomalyco",
        "repo": "homebrew-tap",
        "rev": "0e3e01c223c15aca4227ea82322bfeaf9403599a",
        "type": "github"
      },
      "original": {
        "owner": "anomalyco",
        "repo": "homebrew-tap",
        "type": "github"
      }
    },
    "root": {
      "inputs": {
        "clawkwork-tap": "clawkwork-tap",
        "digitecgalaxus-tap": "digitecgalaxus-tap",
        "felixkratz-tap": "felixkratz-tap",
        "home-manager": "home-manager",
        "homebrew-cask": "homebrew-cask",
        "homebrew-core": "homebrew-core",
        "nikitabobko-tap": "nikitabobko-tap",
        "nix-darwin": "nix-darwin",
        "nix-homebrew": "nix-homebrew",
        "nixpkgs": "nixpkgs",
        "nixpkgs-dotnet": "nixpkgs-dotnet",
        "nixpkgs-terraform": "nixpkgs-terraform",
        "opencode-tap": "opencode-tap"
      }
    }
  },
  "root": "root",
  "version": 7
}
